
Microsoft Visual Studio Solution File, Format Version 12.00
# Visual Studio Version 17
VisualStudioVersion = 17.4.33110.190
MinimumVisualStudioVersion = 10.0.40219.1
Project("{FAE04EC0-301F-11D3-BF4B-00C04F79EFBC}") = "AzureAppRoleTest", "AzureAppRoleTest.csproj", "{8957F748-C091-4494-ADE7-76569F2AB408}"
EndProject
Global
	GlobalSection(SolutionConfigurationPlatforms) = preSolution
		Debug|Any CPU = Debug|Any CPU
		Release|Any CPU = Release|Any CPU
	EndGlobalSection
	GlobalSection(ProjectConfigurationPlatforms) = postSolution
		{8957F748-C091-4494-ADE7-76569F2AB408}.Debug|Any CPU.ActiveCfg = Debug|Any CPU
		{8957F748-C091-4494-ADE7-76569F2AB408}.Debug|Any CPU.Build.0 = Debug|Any CPU
		{8957F748-C091-4494-ADE7-76569F2AB408}.Release|Any CPU.ActiveCfg = Release|Any CPU
		{8957F748-C091-4494-ADE7-76569F2AB408}.Release|Any CPU.Build.0 = Release|Any CPU
	EndGlobalSection
	GlobalSection(SolutionProperties) = preSolution
		HideSolutionNode = FALSE
	EndGlobalSection
	GlobalSection(ExtensibilityGlobals) = postSolution
		SolutionGuid = {59A9FFFF-7D49-4639-99B0-2C84CCBE47ED}
	EndGlobalSection
EndGlobal
